
Microsoft Visual Studio Solution File, Format Version 11.00
# Visual Studio 2010
Project("{D2ABAB84-BF74-430A-B69E-9DC6D40DDA17}") = "MultidimensionalProject1", "MultidimensionalProject1\MultidimensionalProject1.dwproj", "{0F813BD9-F100-4E6D-9294-A24E25E85C5B}"
EndProject
Global
	GlobalSection(SolutionConfigurationPlatforms) = preSolution
		Development|Default = Development|Default
	EndGlobalSection
	GlobalSection(ProjectConfigurationPlatforms) = postSolution
		{0F813BD9-F100-4E6D-9294-A24E25E85C5B}.Development|Default.ActiveCfg = Development
		{0F813BD9-F100-4E6D-9294-A24E25E85C5B}.Development|Default.Build.0 = Development
		{0F813BD9-F100-4E6D-9294-A24E25E85C5B}.Development|Default.Deploy.0 = Development
	EndGlobalSection
	GlobalSection(SolutionProperties) = preSolution
		HideSolutionNode = FALSE
	EndGlobalSection
EndGlobal
